
Microsoft Visual Studio Solution File, Format Version 12.00
# Visual Studio Version 17
VisualStudioVersion = 17.0.31903.59
MinimumVisualStudioVersion = 10.0.40219.1
Project("{2150E333-8FDC-42A3-9474-1A3956D46DE8}") = "FrontEnd", "FrontEnd", "{C3105877-DCEE-4F6B-9573-71CE48E3FD73}"
EndProject
Project("{9A19103F-16F7-4668-BE54-9A1E7A4F7556}") = "Shopping.Web", "FrontEnd\Shopping.Web\Shopping.Web.csproj", "{61025931-2E10-4C15-A9B2-46F2181DC1DF}"
EndProject
Project("{2150E333-8FDC-42A3-9474-1A3956D46DE8}") = "Services", "Services", "{B4815FEE-1DCB-417A-A778-AEC1A518E94D}"
EndProject
Project("{9A19103F-16F7-4668-BE54-9A1E7A4F7556}") = "Service.Catalog.API", "Services\Service.Catalog.API\Service.Catalog.API.csproj", "{2A4562FA-46CC-458D-94DD-74DE9984C908}"
EndProject
Project("{9A19103F-16F7-4668-BE54-9A1E7A4F7556}") = "Service.Idp", "Services\service.idp\Service.Idp.csproj", "{8AA77A6F-9610-425F-BF2B-A984B8BB56CD}"
EndProject
Project("{FAE04EC0-301F-11D3-BF4B-00C04F79EFBC}") = "ShappingCartApi", "Services\ShappingCartApi\ShappingCartApi.csproj", "{36CD7B54-B57F-4C3D-84A9-32CF19689983}"
EndProject
Global
	GlobalSection(SolutionConfigurationPlatforms) = preSolution
		Debug|Any CPU = Debug|Any CPU
		Release|Any CPU = Release|Any CPU
	EndGlobalSection
	GlobalSection(ProjectConfigurationPlatforms) = postSolution
		{61025931-2E10-4C15-A9B2-46F2181DC1DF}.Debug|Any CPU.ActiveCfg = Debug|Any CPU
		{61025931-2E10-4C15-A9B2-46F2181DC1DF}.Debug|Any CPU.Build.0 = Debug|Any CPU
		{61025931-2E10-4C15-A9B2-46F2181DC1DF}.Release|Any CPU.ActiveCfg = Release|Any CPU
		{61025931-2E10-4C15-A9B2-46F2181DC1DF}.Release|Any CPU.Build.0 = Release|Any CPU
		{2A4562FA-46CC-458D-94DD-74DE9984C908}.Debug|Any CPU.ActiveCfg = Debug|Any CPU
		{2A4562FA-46CC-458D-94DD-74DE9984C908}.Debug|Any CPU.Build.0 = Debug|Any CPU
		{2A4562FA-46CC-458D-94DD-74DE9984C908}.Release|Any CPU.ActiveCfg = Release|Any CPU
		{2A4562FA-46CC-458D-94DD-74DE9984C908}.Release|Any CPU.Build.0 = Release|Any CPU
		{8AA77A6F-9610-425F-BF2B-A984B8BB56CD}.Debug|Any CPU.ActiveCfg = Debug|Any CPU
		{8AA77A6F-9610-425F-BF2B-A984B8BB56CD}.Debug|Any CPU.Build.0 = Debug|Any CPU
		{8AA77A6F-9610-425F-BF2B-A984B8BB56CD}.Release|Any CPU.ActiveCfg = Release|Any CPU
		{8AA77A6F-9610-425F-BF2B-A984B8BB56CD}.Release|Any CPU.Build.0 = Release|Any CPU
		{36CD7B54-B57F-4C3D-84A9-32CF19689983}.Debug|Any CPU.ActiveCfg = Debug|Any CPU
		{36CD7B54-B57F-4C3D-84A9-32CF19689983}.Debug|Any CPU.Build.0 = Debug|Any CPU
		{36CD7B54-B57F-4C3D-84A9-32CF19689983}.Release|Any CPU.ActiveCfg = Release|Any CPU
		{36CD7B54-B57F-4C3D-84A9-32CF19689983}.Release|Any CPU.Build.0 = Release|Any CPU
	EndGlobalSection
	GlobalSection(SolutionProperties) = preSolution
		HideSolutionNode = FALSE
	EndGlobalSection
	GlobalSection(NestedProjects) = preSolution
		{61025931-2E10-4C15-A9B2-46F2181DC1DF} = {C3105877-DCEE-4F6B-9573-71CE48E3FD73}
		{2A4562FA-46CC-458D-94DD-74DE9984C908} = {B4815FEE-1DCB-417A-A778-AEC1A518E94D}
		{8AA77A6F-9610-425F-BF2B-A984B8BB56CD} = {B4815FEE-1DCB-417A-A778-AEC1A518E94D}
		{36CD7B54-B57F-4C3D-84A9-32CF19689983} = {B4815FEE-1DCB-417A-A778-AEC1A518E94D}
	EndGlobalSection
	GlobalSection(ExtensibilityGlobals) = postSolution
		SolutionGuid = {E9AE63F1-55FD-4472-8B28-1D2B33500A0A}
	EndGlobalSection
EndGlobal
